
Microsoft Visual Studio Solution File, Format Version 12.00
# Visual Studio 2017
Project("{FAE04EC0-301F-11D3-BF4B-00C04F79EFBC}") = "AngryBirdsTips", "AngryBirdsTips.csproj", "{715CA0A4-9003-DB73-3C3C-2F2E32BC4932}"
EndProject
Global
	GlobalSection(SolutionConfigurationPlatforms) = preSolution
		Debug|Any CPU = Debug|Any CPU
		Release|Any CPU = Release|Any CPU
	EndGlobalSection
	GlobalSection(ProjectConfigurationPlatforms) = postSolution
		{715CA0A4-9003-DB73-3C3C-2F2E32BC4932}.Debug|Any CPU.ActiveCfg = Debug|Any CPU
		{715CA0A4-9003-DB73-3C3C-2F2E32BC4932}.Debug|Any CPU.Build.0 = Debug|Any CPU
		{715CA0A4-9003-DB73-3C3C-2F2E32BC4932}.Release|Any CPU.ActiveCfg = Release|Any CPU
		{715CA0A4-9003-DB73-3C3C-2F2E32BC4932}.Release|Any CPU.Build.0 = Release|Any CPU
	EndGlobalSection
	GlobalSection(SolutionProperties) = preSolution
		HideSolutionNode = FALSE
	EndGlobalSection
EndGlobal
